{
  "nodes": {
    "home-manager": {
      "inputs": {
        "nixpkgs": [
          "nixpkgs"
        ]
      },
      "locked": {
        "lastModified": 1785958398,
        "narHash": "sha256-5r/JgsoNMTx+qIh83WkxpujEKBR7PF5ssnh5vYCuSAw=",
        "owner": "nix-community",
        "repo": "home-manager",
        "rev": "a7c70cc290290f373f50cd820403833d250459ac",
        "type": "github"
      },
      "original": {
        "owner": "nix-community",
        "repo": "home-manager",
        "type": "github"
      }
    },
    "nixpkgs": {
      "locked": {
        "lastModified": 1785967620,
        "narHash": "sha256-929m7iW8q2uv3mZHNwY8Um6XKj99rbIcZsWS9cT1vaI=",
        "rev": "b7c2ada94fe99c15b0dbcf4d11fd7850b957a436",
        "type": "tarball",
        "url": "https://releases.nixos.org/nixos/unstable/nixos-26.11pre1048607.b7c2ada94fe9/nixexprs.tar.xz"
      },
      "original": {
        "id": "nixpkgs",
        "ref": "nixos-unstable",
        "type": "indirect"
      }
    },
    "root": {
      "inputs": {
        "home-manager": "home-manager",
        "nixpkgs": "nixpkgs"
      }
    }
  },
  "root": "root",
  "version": 7
}
